
Microsoft Visual Studio Solution File, Format Version 12.00
# Visual Studio Version 16
VisualStudioVersion = 16.0.31321.278
MinimumVisualStudioVersion = 10.0.40219.1
Project("{FAE04EC0-301F-11D3-BF4B-00C04F79EFBC}") = "mestint_beadando", "mestint_beadando.csproj", "{7C7215AF-5968-40BD-8354-413E2930739E}"
EndProject
Global
	GlobalSection(SolutionConfigurationPlatforms) = preSolution
		Debug|Any CPU = Debug|Any CPU
		Release|Any CPU = Release|Any CPU
	EndGlobalSection
	GlobalSection(ProjectConfigurationPlatforms) = postSolution
		{7C7215AF-5968-40BD-8354-413E2930739E}.Debug|Any CPU.ActiveCfg = Debug|Any CPU
		{7C7215AF-5968-40BD-8354-413E2930739E}.Debug|Any CPU.Build.0 = Debug|Any CPU
		{7C7215AF-5968-40BD-8354-413E2930739E}.Release|Any CPU.ActiveCfg = Release|Any CPU
		{7C7215AF-5968-40BD-8354-413E2930739E}.Release|Any CPU.Build.0 = Release|Any CPU
	EndGlobalSection
	GlobalSection(SolutionProperties) = preSolution
		HideSolutionNode = FALSE
	EndGlobalSection
	GlobalSection(ExtensibilityGlobals) = postSolution
		SolutionGuid = {33A7E614-7FAE-4B34-9097-F67C4667E3AD}
	EndGlobalSection
EndGlobal
